{
  "version": "5",
  "redirects": {
    "https://esm.sh/@supabase/supabase-js@2": "https://esm.sh/@supabase/supabase-js@2.101.1"
  },
  "remote": {
    "https://esm.sh/@peculiar/x509@1.12.4": "b754af56afef9d606207baecfddf9d3159446783f1bcdd5dda4abeb97976d442",
    "https://esm.sh/@supabase/supabase-js@2.101.1": "a0b3bce15718ea65beee03d44136fb795fab037a2f7134cc4e0157eee6f8063a",
    "https://esm.sh/jose@5.9.6": "8c535558ee938997693933217d3f71cdbb97f968cc9b5385ab442664458aa576"
  },
  "workspace": {
    "packageJson": {
      "dependencies": [
        "npm:@eslint/js@^10.0.1",
        "npm:@expo/vector-icons@^15.0.3",
        "npm:@react-native-async-storage/async-storage@2.2.0",
        "npm:@react-native-community/datetimepicker@8.4.4",
        "npm:@react-native-community/netinfo@11.4.1",
        "npm:@react-navigation/bottom-tabs@^7.15.6",
        "npm:@react-navigation/native-stack@^7.14.6",
        "npm:@react-navigation/native@^7.1.34",
        "npm:@shopify/flash-list@2.0.2",
        "npm:@supabase/supabase-js@^2.99.3",
        "npm:@tanstack/react-query@^5.94.5",
        "npm:@types/google-libphonenumber@^7.4.30",
        "npm:@types/react@~19.1.10",
        "npm:@types/supercluster@^7.1.3",
        "npm:babel-plugin-module-resolver@^5.0.3",
        "npm:babel-preset-expo@~54.0.10",
        "npm:blurhash@^2.0.5",
        "npm:eslint-plugin-boundaries@^6.0.2",
        "npm:eslint@^10.3.0",
        "npm:expo-apple-authentication@~8.0.7",
        "npm:expo-asset@~12.0.13",
        "npm:expo-audio@~1.1.1",
        "npm:expo-blur@~15.0.8",
        "npm:expo-build-properties@~1.0.10",
        "npm:expo-clipboard@~8.0.8",
        "npm:expo-constants@~18.0.13",
        "npm:expo-dev-client@~6.0.21",
        "npm:expo-document-picker@~14.0.8",
        "npm:expo-file-system@~19.0.22",
        "npm:expo-font@~14.0.11",
        "npm:expo-haptics@~15.0.8",
        "npm:expo-image-manipulator@~14.0.8",
        "npm:expo-image-picker@~17.0.11",
        "npm:expo-image@~3.0.11",
        "npm:expo-linear-gradient@~15.0.8",
        "npm:expo-linking@~8.0.12",
        "npm:expo-localization@~17.0.8",
        "npm:expo-location@~19.0.8",
        "npm:expo-notifications@~0.32.17",
        "npm:expo-sharing@~14.0.8",
        "npm:expo-splash-screen@~31.0.13",
        "npm:expo-status-bar@~3.0.9",
        "npm:expo-store-review@~9.0.9",
        "npm:expo-video-thumbnails@~10.0.8",
        "npm:expo-video@~3.0.16",
        "npm:expo-web-browser@~15.0.11",
        "npm:expo@~54.0.34",
        "npm:globals@^17.6.0",
        "npm:google-libphonenumber@^3.2.44",
        "npm:i18next@^26.0.10",
        "npm:jpeg-js@~0.4.4",
        "npm:posthog-react-native@^4.50.0",
        "npm:react-i18next@^17.0.7",
        "npm:react-native-gesture-handler@2.28",
        "npm:react-native-gifted-charts@^1.4.77",
        "npm:react-native-iap@^15.2.0",
        "npm:react-native-maps@1.20.1",
        "npm:react-native-nitro-modules@~0.35.5",
        "npm:react-native-otp-entry@^1.8.5",
        "npm:react-native-reanimated-carousel@^4.0.3",
        "npm:react-native-reanimated@~4.1.1",
        "npm:react-native-safe-area-context@5.6",
        "npm:react-native-screens@4.16",
        "npm:react-native-svg@15.12.1",
        "npm:react-native-toast-message@^2.3.3",
        "npm:react-native-worklets@~0.5.1",
        "npm:react-native@0.81.5",
        "npm:react@19.1.0",
        "npm:sharp@~0.34.5",
        "npm:supercluster@^8.0.1",
        "npm:typescript-eslint@^8.59.1",
        "npm:typescript@~5.9.2",
        "npm:zustand@^5.0.13"
      ]
    }
  }
}
